
Microsoft Visual Studio Solution File, Format Version 12.00
# Visual Studio 15
VisualStudioVersion = 15.0.26430.16
MinimumVisualStudioVersion = 10.0.40219.1
Project("{FAE04EC0-301F-11D3-BF4B-00C04F79EFBC}") = "AppTeste2.Android", "AppTeste2\AppTeste2.Android\AppTeste2.Android.csproj", "{5308EB10-CC17-4E41-BBAA-E215798CECF6}"
EndProject
Project("{FAE04EC0-301F-11D3-BF4B-00C04F79EFBC}") = "AppTeste2", "AppTeste2\AppTeste2\AppTeste2.csproj", "{449DB1E1-B022-498F-B2E9-61A73406E944}"
EndProject
Global
	GlobalSection(SolutionConfigurationPlatforms) = preSolution
		Ad-Hoc|Any CPU = Ad-Hoc|Any CPU
		Ad-Hoc|iPhone = Ad-Hoc|iPhone
		Ad-Hoc|iPhoneSimulator = Ad-Hoc|iPhoneSimulator
		AppStore|Any CPU = AppStore|Any CPU
		AppStore|iPhone = AppStore|iPhone
		AppStore|iPhoneSimulator = AppStore|iPhoneSimulator
		Debug|Any CPU = Debug|Any CPU
		Debug|iPhone = Debug|iPhone
		Debug|iPhoneSimulator = Debug|iPhoneSimulator
		Release|Any CPU = Release|Any CPU
		Release|iPhone = Release|iPhone
		Release|iPhoneSimulator = Release|iPhoneSimulator
	EndGlobalSection
	GlobalSection(ProjectConfigurationPlatforms) = postSolution
		{5308EB10-CC17-4E41-BBAA-E215798CECF6}.Ad-Hoc|Any CPU.ActiveCfg = Release|Any CPU
		{5308EB10-CC17-4E41-BBAA-E215798CECF6}.Ad-Hoc|Any CPU.Build.0 = Release|Any CPU
		{5308EB10-CC17-4E41-BBAA-E215798CECF6}.Ad-Hoc|Any CPU.Deploy.0 = Release|Any CPU
		{5308EB10-CC17-4E41-BBAA-E215798CECF6}.Ad-Hoc|iPhone.ActiveCfg = Release|Any CPU
		{5308EB10-CC17-4E41-BBAA-E215798CECF6}.Ad-Hoc|iPhone.Build.0 = Release|Any CPU
		{5308EB10-CC17-4E41-BBAA-E215798CECF6}.Ad-Hoc|iPhone.Deploy.0 = Release|Any CPU
		{5308EB10-CC17-4E41-BBAA-E215798CECF6}.Ad-Hoc|iPhoneSimulator.ActiveCfg = Release|Any CPU
		{5308EB10-CC17-4E41-BBAA-E215798CECF6}.Ad-Hoc|iPhoneSimulator.Build.0 = Release|Any CPU
		{5308EB10-CC17-4E41-BBAA-E215798CECF6}.Ad-Hoc|iPhoneSimulator.Deploy.0 = Release|Any CPU
		{5308EB10-CC17-4E41-BBAA-E215798CECF6}.AppStore|Any CPU.ActiveCfg = Release|Any CPU
		{5308EB10-CC17-4E41-BBAA-E215798CECF6}.AppStore|Any CPU.Build.0 = Release|Any CPU
		{5308EB10-CC17-4E41-BBAA-E215798CECF6}.AppStore|Any CPU.Deploy.0 = Release|Any CPU
		{5308EB10-CC17-4E41-BBAA-E215798CECF6}.AppStore|iPhone.ActiveCfg = Release|Any CPU
		{5308EB10-CC17-4E41-BBAA-E215798CECF6}.AppStore|iPhone.Build.0 = Release|Any CPU
		{5308EB10-CC17-4E41-BBAA-E215798CECF6}.AppStore|iPhone.Deploy.0 = Release|Any CPU
		{5308EB10-CC17-4E41-BBAA-E215798CECF6}.AppStore|iPhoneSimulator.ActiveCfg = Release|Any CPU
		{5308EB10-CC17-4E41-BBAA-E215798CECF6}.AppStore|iPhoneSimulator.Build.0 = Release|Any CPU
		{5308EB10-CC17-4E41-BBAA-E215798CECF6}.AppStore|iPhoneSimulator.Deploy.0 = Release|Any CPU
		{5308EB10-CC17-4E41-BBAA-E215798CECF6}.Debug|Any CPU.ActiveCfg = Debug|Any CPU
		{5308EB10-CC17-4E41-BBAA-E215798CECF6}.Debug|Any CPU.Build.0 = Debug|Any CPU
		{5308EB10-CC17-4E41-BBAA-E215798CECF6}.Debug|Any CPU.Deploy.0 = Debug|Any CPU
		{5308EB10-CC17-4E41-BBAA-E215798CECF6}.Debug|iPhone.ActiveCfg = Debug|Any CPU
		{5308EB10-CC17-4E41-BBAA-E215798CECF6}.Debug|iPhone.Build.0 = Debug|Any CPU
		{5308EB10-CC17-4E41-BBAA-E215798CECF6}.Debug|iPhone.Deploy.0 = Debug|Any CPU
		{5308EB10-CC17-4E41-BBAA-E215798CECF6}.Debug|iPhoneSimulator.ActiveCfg = Debug|Any CPU
		{5308EB10-CC17-4E41-BBAA-E215798CECF6}.Debug|iPhoneSimulator.Build.0 = Debug|Any CPU
		{5308EB10-CC17-4E41-BBAA-E215798CECF6}.Debug|iPhoneSimulator.Deploy.0 = Debug|Any CPU
		{5308EB10-CC17-4E41-BBAA-E215798CECF6}.Release|Any CPU.ActiveCfg = Release|Any CPU
		{5308EB10-CC17-4E41-BBAA-E215798CECF6}.Release|Any CPU.Build.0 = Release|Any CPU
		{5308EB10-CC17-4E41-BBAA-E215798CECF6}.Release|Any CPU.Deploy.0 = Release|Any CPU
		{5308EB10-CC17-4E41-BBAA-E215798CECF6}.Release|iPhone.ActiveCfg = Release|Any CPU
		{5308EB10-CC17-4E41-BBAA-E215798CECF6}.Release|iPhone.Build.0 = Release|Any CPU
		{5308EB10-CC17-4E41-BBAA-E215798CECF6}.Release|iPhone.Deploy.0 = Release|Any CPU
		{5308EB10-CC17-4E41-BBAA-E215798CECF6}.Release|iPhoneSimulator.ActiveCfg = Release|Any CPU
		{5308EB10-CC17-4E41-BBAA-E215798CECF6}.Release|iPhoneSimulator.Build.0 = Release|Any CPU
		{5308EB10-CC17-4E41-BBAA-E215798CECF6}.Release|iPhoneSimulator.Deploy.0 = Release|Any CPU
		{449DB1E1-B022-498F-B2E9-61A73406E944}.Ad-Hoc|Any CPU.ActiveCfg = Release|Any CPU
		{449DB1E1-B022-498F-B2E9-61A73406E944}.Ad-Hoc|Any CPU.Build.0 = Release|Any CPU
		{449DB1E1-B022-498F-B2E9-61A73406E944}.Ad-Hoc|iPhone.ActiveCfg = Release|Any CPU
		{449DB1E1-B022-498F-B2E9-61A73406E944}.Ad-Hoc|iPhone.Build.0 = Release|Any CPU
		{449DB1E1-B022-498F-B2E9-61A73406E944}.Ad-Hoc|iPhoneSimulator.ActiveCfg = Release|Any CPU
		{449DB1E1-B022-498F-B2E9-61A73406E944}.Ad-Hoc|iPhoneSimulator.Build.0 = Release|Any CPU
		{449DB1E1-B022-498F-B2E9-61A73406E944}.AppStore|Any CPU.ActiveCfg = Release|Any CPU
		{449DB1E1-B022-498F-B2E9-61A73406E944}.AppStore|Any CPU.Build.0 = Release|Any CPU
		{449DB1E1-B022-498F-B2E9-61A73406E944}.AppStore|iPhone.ActiveCfg = Release|Any CPU
		{449DB1E1-B022-498F-B2E9-61A73406E944}.AppStore|iPhone.Build.0 = Release|Any CPU
		{449DB1E1-B022-498F-B2E9-61A73406E944}.AppStore|iPhoneSimulator.ActiveCfg = Release|Any CPU
		{449DB1E1-B022-498F-B2E9-61A73406E944}.AppStore|iPhoneSimulator.Build.0 = Release|Any CPU
		{449DB1E1-B022-498F-B2E9-61A73406E944}.Debug|Any CPU.ActiveCfg = Debug|Any CPU
		{449DB1E1-B022-498F-B2E9-61A73406E944}.Debug|Any CPU.Build.0 = Debug|Any CPU
		{449DB1E1-B022-498F-B2E9-61A73406E944}.Debug|iPhone.ActiveCfg = Debug|Any CPU
		{449DB1E1-B022-498F-B2E9-61A73406E944}.Debug|iPhone.Build.0 = Debug|Any CPU
		{449DB1E1-B022-498F-B2E9-61A73406E944}.Debug|iPhoneSimulator.ActiveCfg = Debug|Any CPU
		{449DB1E1-B022-498F-B2E9-61A73406E944}.Debug|iPhoneSimulator.Build.0 = Debug|Any CPU
		{449DB1E1-B022-498F-B2E9-61A73406E944}.Release|Any CPU.ActiveCfg = Release|Any CPU
		{449DB1E1-B022-498F-B2E9-61A73406E944}.Release|Any CPU.Build.0 = Release|Any CPU
		{449DB1E1-B022-498F-B2E9-61A73406E944}.Release|iPhone.ActiveCfg = Release|Any CPU
		{449DB1E1-B022-498F-B2E9-61A73406E944}.Release|iPhone.Build.0 = Release|Any CPU
		{449DB1E1-B022-498F-B2E9-61A73406E944}.Release|iPhoneSimulator.ActiveCfg = Release|Any CPU
		{449DB1E1-B022-498F-B2E9-61A73406E944}.Release|iPhoneSimulator.Build.0 = Release|Any CPU
	EndGlobalSection
	GlobalSection(SolutionProperties) = preSolution
		HideSolutionNode = FALSE
	EndGlobalSection
EndGlobal
